// !$*UTF8*$!
{
	archiveVersion = 1;
	classes = {
	};
	objectVersion = 50;
	objects = {

/* Begin PBXBuildFile section */
		CDE356742125685700295BD5 /* AppDelegate.swift in Sources */ = {isa = PBXBuildFile; fileRef = CDE356732125685700295BD5 /* AppDelegate.swift */; };
		CDE356792125685700295BD5 /* Main.storyboard in Resources */ = {isa = PBXBuildFile; fileRef = CDE356772125685700295BD5 /* Main.storyboard */; };
		CDE3567C2125685700295BD5 /* Awly.xcdatamodeld in Sources */ = {isa = PBXBuildFile; fileRef = CDE3567A2125685700295BD5 /* Awly.xcdatamodeld */; };
		CDE3567E2125685800295BD5 /* Assets.xcassets in Resources */ = {isa = PBXBuildFile; fileRef = CDE3567D2125685800295BD5 /* Assets.xcassets */; };
		CDE356812125685800295BD5 /* LaunchScreen.storyboard in Resources */ = {isa = PBXBuildFile; fileRef = CDE3567F2125685800295BD5 /* LaunchScreen.storyboard */; };
		CDE3568C2125685900295BD5 /* AwlyTests.swift in Sources */ = {isa = PBXBuildFile; fileRef = CDE3568B2125685900295BD5 /* AwlyTests.swift */; };
		CDE356972125685900295BD5 /* AwlyUITests.swift in Sources */ = {isa = PBXBuildFile; fileRef = CDE356962125685900295BD5 /* AwlyUITests.swift */; };
		CDE356A721256F5A00295BD5 /* MainViewController.swift in Sources */ = {isa = PBXBuildFile; fileRef = CDE356A621256F5A00295BD5 /* MainViewController.swift */; };
		CDE356AD212570A600295BD5 /* MainScreen.storyboard in Resources */ = {isa = PBXBuildFile; fileRef = CDE356AC212570A600295BD5 /* MainScreen.storyboard */; };
		CDE356B12125840800295BD5 /* TaskCollectionViewCell.swift in Sources */ = {isa = PBXBuildFile; fileRef = CDE356AF2125840800295BD5 /* TaskCollectionViewCell.swift */; };
		CDE356B22125840800295BD5 /* TaskCollectionViewCell.xib in Resources */ = {isa = PBXBuildFile; fileRef = CDE356B02125840800295BD5 /* TaskCollectionViewCell.xib */; };
		CDE356B82125DC1C00295BD5 /* Reusable.swift in Sources */ = {isa = PBXBuildFile; fileRef = CDE356B72125DC1C00295BD5 /* Reusable.swift */; };
		CDE356BA2125DEEB00295BD5 /* Configurable.swift in Sources */ = {isa = PBXBuildFile; fileRef = CDE356B92125DEEB00295BD5 /* Configurable.swift */; };
		CDE356BD2125E16400295BD5 /* TaskCollectionLayout.swift in Sources */ = {isa = PBXBuildFile; fileRef = CDE356BC2125E16400295BD5 /* TaskCollectionLayout.swift */; };
		CDE356C02125E1C500295BD5 /* Settings.storyboard in Resources */ = {isa = PBXBuildFile; fileRef = CDE356BF2125E1C500295BD5 /* Settings.storyboard */; };
		CDE356C22125E1D900295BD5 /* SettingsViewController.swift in Sources */ = {isa = PBXBuildFile; fileRef = CDE356C12125E1D900295BD5 /* SettingsViewController.swift */; };
		CDE356C72125E3BC00295BD5 /* TaskSectionHeaderView.swift in Sources */ = {isa = PBXBuildFile; fileRef = CDE356C52125E3BC00295BD5 /* TaskSectionHeaderView.swift */; };
		CDE356C82125E3BC00295BD5 /* TaskSectionHeaderView.xib in Resources */ = {isa = PBXBuildFile; fileRef = CDE356C62125E3BC00295BD5 /* TaskSectionHeaderView.xib */; };
		CDE356CA2125E55800295BD5 /* Colors.xcassets in Resources */ = {isa = PBXBuildFile; fileRef = CDE356C92125E55800295BD5 /* Colors.xcassets */; };
		CDE356CD2125EAFC00295BD5 /* UIView+Extensions.swift in Sources */ = {isa = PBXBuildFile; fileRef = CDE356CC2125EAFC00295BD5 /* UIView+Extensions.swift */; };
		CDE356D22125EC7F00295BD5 /* CheckboxButton.swift in Sources */ = {isa = PBXBuildFile; fileRef = CDE356D12125EC7F00295BD5 /* CheckboxButton.swift */; };
		CDE356D82126F62500295BD5 /* TaskViewer.storyboard in Resources */ = {isa = PBXBuildFile; fileRef = CDE356D72126F62500295BD5 /* TaskViewer.storyboard */; };
		CDE356DA2126F63000295BD5 /* TaskViewerViewController.swift in Sources */ = {isa = PBXBuildFile; fileRef = CDE356D92126F63000295BD5 /* TaskViewerViewController.swift */; };
		CDE356DD212727AE00295BD5 /* InfoTaskCollectionReusableView.swift in Sources */ = {isa = PBXBuildFile; fileRef = CDE356DB212727AE00295BD5 /* InfoTaskCollectionReusableView.swift */; };
		CDE356DE212727AE00295BD5 /* InfoTaskCollectionReusableView.xib in Resources */ = {isa = PBXBuildFile; fileRef = CDE356DC212727AE00295BD5 /* InfoTaskCollectionReusableView.xib */; };
		CDE356E2212728D100295BD5 /* InfoTaskCollectionViewCell.swift in Sources */ = {isa = PBXBuildFile; fileRef = CDE356E0212728D100295BD5 /* InfoTaskCollectionViewCell.swift */; };
		CDE356E3212728D100295BD5 /* InfoTaskCollectionViewCell.xib in Resources */ = {isa = PBXBuildFile; fileRef = CDE356E1212728D100295BD5 /* InfoTaskCollectionViewCell.xib */; };
		CDE356E721272C9E00295BD5 /* InfoTaskDisplayItem.swift in Sources */ = {isa = PBXBuildFile; fileRef = CDE356E621272C9E00295BD5 /* InfoTaskDisplayItem.swift */; };
		CDE356E9212731CB00295BD5 /* Style.swift in Sources */ = {isa = PBXBuildFile; fileRef = CDE356E8212731CB00295BD5 /* Style.swift */; };
		CDE356EB2127350100295BD5 /* Collection+Extensions.swift in Sources */ = {isa = PBXBuildFile; fileRef = CDE356EA2127350100295BD5 /* Collection+Extensions.swift */; };
		CDE356EF21283F5F00295BD5 /* TouchGestureRecognizer.swift in Sources */ = {isa = PBXBuildFile; fileRef = CDE356EE21283F5F00295BD5 /* TouchGestureRecognizer.swift */; };
		CDE356F121283F8500295BD5 /* TouchHandlerGestureRecognizer.swift in Sources */ = {isa = PBXBuildFile; fileRef = CDE356F021283F8500295BD5 /* TouchHandlerGestureRecognizer.swift */; };
		CDE356F321283FA100295BD5 /* PressStateAnimatable.swift in Sources */ = {isa = PBXBuildFile; fileRef = CDE356F221283FA100295BD5 /* PressStateAnimatable.swift */; };
/* End PBXBuildFile section */

/* Begin PBXContainerItemProxy section */
		CDE356882125685800295BD5 /* PBXContainerItemProxy */ = {
			isa = PBXContainerItemProxy;
			containerPortal = CDE356682125685600295BD5 /* Project object */;
			proxyType = 1;
			remoteGlobalIDString = CDE3566F2125685700295BD5;
			remoteInfo = Awly;
		};
		CDE356932125685900295BD5 /* PBXContainerItemProxy */ = {
			isa = PBXContainerItemProxy;
			containerPortal = CDE356682125685600295BD5 /* Project object */;
			proxyType = 1;
			remoteGlobalIDString = CDE3566F2125685700295BD5;
			remoteInfo = Awly;
		};
/* End PBXContainerItemProxy section */

/* Begin PBXFileReference section */
		CDE356702125685700295BD5 /* Awly.app */ = {isa = PBXFileReference; explicitFileType = wrapper.application; includeInIndex = 0; path = Awly.app; sourceTree = BUILT_PRODUCTS_DIR; };
		CDE356732125685700295BD5 /* AppDelegate.swift */ = {isa = PBXFileReference; lastKnownFileType = sourcecode.swift; path = AppDelegate.swift; sourceTree = "<group>"; };
		CDE356782125685700295BD5 /* Base */ = {isa = PBXFileReference; lastKnownFileType = file.storyboard; name = Base; path = Base.lproj/Main.storyboard; sourceTree = "<group>"; };
		CDE3567B2125685700295BD5 /* Awly.xcdatamodel */ = {isa = PBXFileReference; lastKnownFileType = wrapper.xcdatamodel; path = Awly.xcdatamodel; sourceTree = "<group>"; };
		CDE3567D2125685800295BD5 /* Assets.xcassets */ = {isa = PBXFileReference; lastKnownFileType = folder.assetcatalog; path = Assets.xcassets; sourceTree = "<group>"; };
		CDE356802125685800295BD5 /* Base */ = {isa = PBXFileReference; lastKnownFileType = file.storyboard; name = Base; path = Base.lproj/LaunchScreen.storyboard; sourceTree = "<group>"; };
		CDE356822125685800295BD5 /* Info.plist */ = {isa = PBXFileReference; lastKnownFileType = text.plist.xml; path = Info.plist; sourceTree = "<group>"; };
		CDE356872125685800295BD5 /* AwlyTests.xctest */ = {isa = PBXFileReference; explicitFileType = wrapper.cfbundle; includeInIndex = 0; path = AwlyTests.xctest; sourceTree = BUILT_PRODUCTS_DIR; };
		CDE3568B2125685900295BD5 /* AwlyTests.swift */ = {isa = PBXFileReference; lastKnownFileType = sourcecode.swift; path = AwlyTests.swift; sourceTree = "<group>"; };
		CDE3568D2125685900295BD5 /* Info.plist */ = {isa = PBXFileReference; lastKnownFileType = text.plist.xml; path = Info.plist; sourceTree = "<group>"; };
		CDE356922125685900295BD5 /* AwlyUITests.xctest */ = {isa = PBXFileReference; explicitFileType = wrapper.cfbundle; includeInIndex = 0; path = AwlyUITests.xctest; sourceTree = BUILT_PRODUCTS_DIR; };
		CDE356962125685900295BD5 /* AwlyUITests.swift */ = {isa = PBXFileReference; lastKnownFileType = sourcecode.swift; path = AwlyUITests.swift; sourceTree = "<group>"; };
		CDE356982125685900295BD5 /* Info.plist */ = {isa = PBXFileReference; lastKnownFileType = text.plist.xml; path = Info.plist; sourceTree = "<group>"; };
		CDE356A621256F5A00295BD5 /* MainViewController.swift */ = {isa = PBXFileReference; lastKnownFileType = sourcecode.swift; path = MainViewController.swift; sourceTree = "<group>"; };
		CDE356AC212570A600295BD5 /* MainScreen.storyboard */ = {isa = PBXFileReference; lastKnownFileType = file.storyboard; path = MainScreen.storyboard; sourceTree = "<group>"; };
		CDE356AF2125840800295BD5 /* TaskCollectionViewCell.swift */ = {isa = PBXFileReference; lastKnownFileType = sourcecode.swift; path = TaskCollectionViewCell.swift; sourceTree = "<group>"; };
		CDE356B02125840800295BD5 /* TaskCollectionViewCell.xib */ = {isa = PBXFileReference; lastKnownFileType = file.xib; path = TaskCollectionViewCell.xib; sourceTree = "<group>"; };
		CDE356B72125DC1C00295BD5 /* Reusable.swift */ = {isa = PBXFileReference; lastKnownFileType = sourcecode.swift; path = Reusable.swift; sourceTree = "<group>"; };
		CDE356B92125DEEB00295BD5 /* Configurable.swift */ = {isa = PBXFileReference; lastKnownFileType = sourcecode.swift; path = Configurable.swift; sourceTree = "<group>"; };
		CDE356BC2125E16400295BD5 /* TaskCollectionLayout.swift */ = {isa = PBXFileReference; lastKnownFileType = sourcecode.swift; path = TaskCollectionLayout.swift; sourceTree = "<group>"; };
		CDE356BF2125E1C500295BD5 /* Settings.storyboard */ = {isa = PBXFileReference; lastKnownFileType = file.storyboard; path = Settings.storyboard; sourceTree = "<group>"; };
		CDE356C12125E1D900295BD5 /* SettingsViewController.swift */ = {isa = PBXFileReference; lastKnownFileType = sourcecode.swift; path = SettingsViewController.swift; sourceTree = "<group>"; };
		CDE356C52125E3BC00295BD5 /* TaskSectionHeaderView.swift */ = {isa = PBXFileReference; lastKnownFileType = sourcecode.swift; path = TaskSectionHeaderView.swift; sourceTree = "<group>"; };
		CDE356C62125E3BC00295BD5 /* TaskSectionHeaderView.xib */ = {isa = PBXFileReference; lastKnownFileType = file.xib; path = TaskSectionHeaderView.xib; sourceTree = "<group>"; };
		CDE356C92125E55800295BD5 /* Colors.xcassets */ = {isa = PBXFileReference; lastKnownFileType = folder.assetcatalog; path = Colors.xcassets; sourceTree = "<group>"; };
		CDE356CC2125EAFC00295BD5 /* UIView+Extensions.swift */ = {isa = PBXFileReference; lastKnownFileType = sourcecode.swift; path = "UIView+Extensions.swift"; sourceTree = "<group>"; };
		CDE356D12125EC7F00295BD5 /* CheckboxButton.swift */ = {isa = PBXFileReference; lastKnownFileType = sourcecode.swift; path = CheckboxButton.swift; sourceTree = "<group>"; };
		CDE356D72126F62500295BD5 /* TaskViewer.storyboard */ = {isa = PBXFileReference; lastKnownFileType = file.storyboard; path = TaskViewer.storyboard; sourceTree = "<group>"; };
		CDE356D92126F63000295BD5 /* TaskViewerViewController.swift */ = {isa = PBXFileReference; lastKnownFileType = sourcecode.swift; path = TaskViewerViewController.swift; sourceTree = "<group>"; };
		CDE356DB212727AE00295BD5 /* InfoTaskCollectionReusableView.swift */ = {isa = PBXFileReference; lastKnownFileType = sourcecode.swift; path = InfoTaskCollectionReusableView.swift; sourceTree = "<group>"; };
		CDE356DC212727AE00295BD5 /* InfoTaskCollectionReusableView.xib */ = {isa = PBXFileReference; lastKnownFileType = file.xib; path = InfoTaskCollectionReusableView.xib; sourceTree = "<group>"; };
		CDE356E0212728D100295BD5 /* InfoTaskCollectionViewCell.swift */ = {isa = PBXFileReference; lastKnownFileType = sourcecode.swift; path = InfoTaskCollectionViewCell.swift; sourceTree = "<group>"; };
		CDE356E1212728D100295BD5 /* InfoTaskCollectionViewCell.xib */ = {isa = PBXFileReference; lastKnownFileType = file.xib; path = InfoTaskCollectionViewCell.xib; sourceTree = "<group>"; };
		CDE356E621272C9E00295BD5 /* InfoTaskDisplayItem.swift */ = {isa = PBXFileReference; lastKnownFileType = sourcecode.swift; path = InfoTaskDisplayItem.swift; sourceTree = "<group>"; };
		CDE356E8212731CB00295BD5 /* Style.swift */ = {isa = PBXFileReference; lastKnownFileType = sourcecode.swift; path = Style.swift; sourceTree = "<group>"; };
		CDE356EA2127350100295BD5 /* Collection+Extensions.swift */ = {isa = PBXFileReference; lastKnownFileType = sourcecode.swift; path = "Collection+Extensions.swift"; sourceTree = "<group>"; };
		CDE356EE21283F5F00295BD5 /* TouchGestureRecognizer.swift */ = {isa = PBXFileReference; lastKnownFileType = sourcecode.swift; path = TouchGestureRecognizer.swift; sourceTree = "<group>"; };
		CDE356F021283F8500295BD5 /* TouchHandlerGestureRecognizer.swift */ = {isa = PBXFileReference; lastKnownFileType = sourcecode.swift; path = TouchHandlerGestureRecognizer.swift; sourceTree = "<group>"; };
		CDE356F221283FA100295BD5 /* PressStateAnimatable.swift */ = {isa = PBXFileReference; lastKnownFileType = sourcecode.swift; path = PressStateAnimatable.swift; sourceTree = "<group>"; };
/* End PBXFileReference section */

/* Begin PBXFrameworksBuildPhase section */
		CDE3566D2125685700295BD5 /* Frameworks */ = {
			isa = PBXFrameworksBuildPhase;
			buildActionMask = 2147483647;
			files = (
			);
			runOnlyForDeploymentPostprocessing = 0;
		};
		CDE356842125685800295BD5 /* Frameworks */ = {
			isa = PBXFrameworksBuildPhase;
			buildActionMask = 2147483647;
			files = (
			);
			runOnlyForDeploymentPostprocessing = 0;
		};
		CDE3568F2125685900295BD5 /* Frameworks */ = {
			isa = PBXFrameworksBuildPhase;
			buildActionMask = 2147483647;
			files = (
			);
			runOnlyForDeploymentPostprocessing = 0;
		};
/* End PBXFrameworksBuildPhase section */

/* Begin PBXGroup section */
		CDE356672125685600295BD5 = {
			isa = PBXGroup;
			children = (
				CDE356722125685700295BD5 /* Awly */,
				CDE3568A2125685900295BD5 /* AwlyTests */,
				CDE356952125685900295BD5 /* AwlyUITests */,
				CDE356712125685700295BD5 /* Products */,
			);
			sourceTree = "<group>";
		};
		CDE356712125685700295BD5 /* Products */ = {
			isa = PBXGroup;
			children = (
				CDE356702125685700295BD5 /* Awly.app */,
				CDE356872125685800295BD5 /* AwlyTests.xctest */,
				CDE356922125685900295BD5 /* AwlyUITests.xctest */,
			);
			name = Products;
			sourceTree = "<group>";
		};
		CDE356722125685700295BD5 /* Awly */ = {
			isa = PBXGroup;
			children = (
				CDE356EC21283F2A00295BD5 /* Core */,
				CDE356E421272C8700295BD5 /* Models */,
				CDE356B32125DB9700295BD5 /* Utils */,
				CDE356A92125707500295BD5 /* AppModule */,
				CDE356A421256F2D00295BD5 /* Modules */,
				CDE3567D2125685800295BD5 /* Assets.xcassets */,
				CDE356C92125E55800295BD5 /* Colors.xcassets */,
				CDE356822125685800295BD5 /* Info.plist */,
				CDE3567A2125685700295BD5 /* Awly.xcdatamodeld */,
			);
			path = Awly;
			sourceTree = "<group>";
		};
		CDE3568A2125685900295BD5 /* AwlyTests */ = {
			isa = PBXGroup;
			children = (
				CDE3568B2125685900295BD5 /* AwlyTests.swift */,
				CDE3568D2125685900295BD5 /* Info.plist */,
			);
			path = AwlyTests;
			sourceTree = "<group>";
		};
		CDE356952125685900295BD5 /* AwlyUITests */ = {
			isa = PBXGroup;
			children = (
				CDE356962125685900295BD5 /* AwlyUITests.swift */,
				CDE356982125685900295BD5 /* Info.plist */,
			);
			path = AwlyUITests;
			sourceTree = "<group>";
		};
		CDE356A421256F2D00295BD5 /* Modules */ = {
			isa = PBXGroup;
			children = (
				CDE356CF2125EC6B00295BD5 /* General */,
				CDE356D62126F61100295BD5 /* TaskViewer */,
				CDE356BE2125E1AB00295BD5 /* Settings */,
				CDE356A521256F3A00295BD5 /* Main */,
			);
			path = Modules;
			sourceTree = "<group>";
		};
		CDE356A521256F3A00295BD5 /* Main */ = {
			isa = PBXGroup;
			children = (
				CDE356BB2125E14F00295BD5 /* CollectionLayout */,
				CDE356AE212583DD00295BD5 /* Cell */,
				CDE356A621256F5A00295BD5 /* MainViewController.swift */,
				CDE356AC212570A600295BD5 /* MainScreen.storyboard */,
			);
			path = Main;
			sourceTree = "<group>";
		};
		CDE356A92125707500295BD5 /* AppModule */ = {
			isa = PBXGroup;
			children = (
				CDE356AB2125708C00295BD5 /* Delegate */,
				CDE356AA2125708400295BD5 /* View */,
			);
			path = AppModule;
			sourceTree = "<group>";
		};
		CDE356AA2125708400295BD5 /* View */ = {
			isa = PBXGroup;
			children = (
				CDE3567F2125685800295BD5 /* LaunchScreen.storyboard */,
				CDE356772125685700295BD5 /* Main.storyboard */,
			);
			path = View;
			sourceTree = "<group>";
		};
		CDE356AB2125708C00295BD5 /* Delegate */ = {
			isa = PBXGroup;
			children = (
				CDE356732125685700295BD5 /* AppDelegate.swift */,
			);
			path = Delegate;
			sourceTree = "<group>";
		};
		CDE356AE212583DD00295BD5 /* Cell */ = {
			isa = PBXGroup;
			children = (
				CDE356DF212728B500295BD5 /* Info */,
				CDE356AF2125840800295BD5 /* TaskCollectionViewCell.swift */,
				CDE356B02125840800295BD5 /* TaskCollectionViewCell.xib */,
				CDE356C52125E3BC00295BD5 /* TaskSectionHeaderView.swift */,
				CDE356C62125E3BC00295BD5 /* TaskSectionHeaderView.xib */,
			);
			path = Cell;
			sourceTree = "<group>";
		};
		CDE356B32125DB9700295BD5 /* Utils */ = {
			isa = PBXGroup;
			children = (
				CDE356ED21283F3E00295BD5 /* Gestures */,
				CDE356CB2125EAEC00295BD5 /* Extensions */,
				CDE356B42125DB9C00295BD5 /* Protocols */,
			);
			path = Utils;
			sourceTree = "<group>";
		};
		CDE356B42125DB9C00295BD5 /* Protocols */ = {
			isa = PBXGroup;
			children = (
				CDE356B72125DC1C00295BD5 /* Reusable.swift */,
				CDE356B92125DEEB00295BD5 /* Configurable.swift */,
				CDE356F221283FA100295BD5 /* PressStateAnimatable.swift */,
			);
			path = Protocols;
			sourceTree = "<group>";
		};
		CDE356BB2125E14F00295BD5 /* CollectionLayout */ = {
			isa = PBXGroup;
			children = (
				CDE356BC2125E16400295BD5 /* TaskCollectionLayout.swift */,
			);
			path = CollectionLayout;
			sourceTree = "<group>";
		};
		CDE356BE2125E1AB00295BD5 /* Settings */ = {
			isa = PBXGroup;
			children = (
				CDE356BF2125E1C500295BD5 /* Settings.storyboard */,
				CDE356C12125E1D900295BD5 /* SettingsViewController.swift */,
			);
			path = Settings;
			sourceTree = "<group>";
		};
		CDE356CB2125EAEC00295BD5 /* Extensions */ = {
			isa = PBXGroup;
			children = (
				CDE356CC2125EAFC00295BD5 /* UIView+Extensions.swift */,
				CDE356EA2127350100295BD5 /* Collection+Extensions.swift */,
			);
			path = Extensions;
			sourceTree = "<group>";
		};
		CDE356CF2125EC6B00295BD5 /* General */ = {
			isa = PBXGroup;
			children = (
				CDE356D02125EC6F00295BD5 /* Views */,
				CDE356E8212731CB00295BD5 /* Style.swift */,
			);
			path = General;
			sourceTree = "<group>";
		};
		CDE356D02125EC6F00295BD5 /* Views */ = {
			isa = PBXGroup;
			children = (
				CDE356D12125EC7F00295BD5 /* CheckboxButton.swift */,
			);
			path = Views;
			sourceTree = "<group>";
		};
		CDE356D62126F61100295BD5 /* TaskViewer */ = {
			isa = PBXGroup;
			children = (
				CDE356D72126F62500295BD5 /* TaskViewer.storyboard */,
				CDE356D92126F63000295BD5 /* TaskViewerViewController.swift */,
			);
			path = TaskViewer;
			sourceTree = "<group>";
		};
		CDE356DF212728B500295BD5 /* Info */ = {
			isa = PBXGroup;
			children = (
				CDE356DB212727AE00295BD5 /* InfoTaskCollectionReusableView.swift */,
				CDE356DC212727AE00295BD5 /* InfoTaskCollectionReusableView.xib */,
				CDE356E0212728D100295BD5 /* InfoTaskCollectionViewCell.swift */,
				CDE356E1212728D100295BD5 /* InfoTaskCollectionViewCell.xib */,
			);
			path = Info;
			sourceTree = "<group>";
		};
		CDE356E421272C8700295BD5 /* Models */ = {
			isa = PBXGroup;
			children = (
				CDE356E521272C8C00295BD5 /* DisplayItems */,
			);
			path = Models;
			sourceTree = "<group>";
		};
		CDE356E521272C8C00295BD5 /* DisplayItems */ = {
			isa = PBXGroup;
			children = (
				CDE356E621272C9E00295BD5 /* InfoTaskDisplayItem.swift */,
			);
			path = DisplayItems;
			sourceTree = "<group>";
		};
		CDE356EC21283F2A00295BD5 /* Core */ = {
			isa = PBXGroup;
			children = (
			);
			path = Core;
			sourceTree = "<group>";
		};
		CDE356ED21283F3E00295BD5 /* Gestures */ = {
			isa = PBXGroup;
			children = (
				CDE356EE21283F5F00295BD5 /* TouchGestureRecognizer.swift */,
				CDE356F021283F8500295BD5 /* TouchHandlerGestureRecognizer.swift */,
			);
			path = Gestures;
			sourceTree = "<group>";
		};
/* End PBXGroup section */

/* Begin PBXNativeTarget section */
		CDE3566F2125685700295BD5 /* Awly */ = {
			isa = PBXNativeTarget;
			buildConfigurationList = CDE3569B2125685900295BD5 /* Build configuration list for PBXNativeTarget "Awly" */;
			buildPhases = (
				CDE3566C2125685700295BD5 /* Sources */,
				CDE3566D2125685700295BD5 /* Frameworks */,
				CDE3566E2125685700295BD5 /* Resources */,
			);
			buildRules = (
			);
			dependencies = (
			);
			name = Awly;
			productName = Awly;
			productReference = CDE356702125685700295BD5 /* Awly.app */;
			productType = "com.apple.product-type.application";
		};
		CDE356862125685800295BD5 /* AwlyTests */ = {
			isa = PBXNativeTarget;
			buildConfigurationList = CDE3569E2125685900295BD5 /* Build configuration list for PBXNativeTarget "AwlyTests" */;
			buildPhases = (
				CDE356832125685800295BD5 /* Sources */,
				CDE356842125685800295BD5 /* Frameworks */,
				CDE356852125685800295BD5 /* Resources */,
			);
			buildRules = (
			);
			dependencies = (
				CDE356892125685800295BD5 /* PBXTargetDependency */,
			);
			name = AwlyTests;
			productName = AwlyTests;
			productReference = CDE356872125685800295BD5 /* AwlyTests.xctest */;
			productType = "com.apple.product-type.bundle.unit-test";
		};
		CDE356912125685900295BD5 /* AwlyUITests */ = {
			isa = PBXNativeTarget;
			buildConfigurationList = CDE356A12125685900295BD5 /* Build configuration list for PBXNativeTarget "AwlyUITests" */;
			buildPhases = (
				CDE3568E2125685900295BD5 /* Sources */,
				CDE3568F2125685900295BD5 /* Frameworks */,
				CDE356902125685900295BD5 /* Resources */,
			);
			buildRules = (
			);
			dependencies = (
				CDE356942125685900295BD5 /* PBXTargetDependency */,
			);
			name = AwlyUITests;
			productName = AwlyUITests;
			productReference = CDE356922125685900295BD5 /* AwlyUITests.xctest */;
			productType = "com.apple.product-type.bundle.ui-testing";
		};
/* End PBXNativeTarget section */

/* Begin PBXProject section */
		CDE356682125685600295BD5 /* Project object */ = {
			isa = PBXProject;
			attributes = {
				LastSwiftUpdateCheck = 0940;
				LastUpgradeCheck = 0940;
				ORGANIZATIONNAME = v.a.prusakov;
				TargetAttributes = {
					CDE3566F2125685700295BD5 = {
						CreatedOnToolsVersion = 9.4.1;
					};
					CDE356862125685800295BD5 = {
						CreatedOnToolsVersion = 9.4.1;
						TestTargetID = CDE3566F2125685700295BD5;
					};
					CDE356912125685900295BD5 = {
						CreatedOnToolsVersion = 9.4.1;
						TestTargetID = CDE3566F2125685700295BD5;
					};
				};
			};
			buildConfigurationList = CDE3566B2125685600295BD5 /* Build configuration list for PBXProject "Awly" */;
			compatibilityVersion = "Xcode 9.3";
			developmentRegion = en;
			hasScannedForEncodings = 0;
			knownRegions = (
				en,
				Base,
			);
			mainGroup = CDE356672125685600295BD5;
			productRefGroup = CDE356712125685700295BD5 /* Products */;
			projectDirPath = "";
			projectRoot = "";
			targets = (
				CDE3566F2125685700295BD5 /* Awly */,
				CDE356862125685800295BD5 /* AwlyTests */,
				CDE356912125685900295BD5 /* AwlyUITests */,
			);
		};
/* End PBXProject section */

/* Begin PBXResourcesBuildPhase section */
		CDE3566E2125685700295BD5 /* Resources */ = {
			isa = PBXResourcesBuildPhase;
			buildActionMask = 2147483647;
			files = (
				CDE356C82125E3BC00295BD5 /* TaskSectionHeaderView.xib in Resources */,
				CDE356812125685800295BD5 /* LaunchScreen.storyboard in Resources */,
				CDE356B22125840800295BD5 /* TaskCollectionViewCell.xib in Resources */,
				CDE356E3212728D100295BD5 /* InfoTaskCollectionViewCell.xib in Resources */,
				CDE356AD212570A600295BD5 /* MainScreen.storyboard in Resources */,
				CDE356D82126F62500295BD5 /* TaskViewer.storyboard in Resources */,
				CDE356C02125E1C500295BD5 /* Settings.storyboard in Resources */,
				CDE356DE212727AE00295BD5 /* InfoTaskCollectionReusableView.xib in Resources */,
				CDE356CA2125E55800295BD5 /* Colors.xcassets in Resources */,
				CDE3567E2125685800295BD5 /* Assets.xcassets in Resources */,
				CDE356792125685700295BD5 /* Main.storyboard in Resources */,
			);
			runOnlyForDeploymentPostprocessing = 0;
		};
		CDE356852125685800295BD5 /* Resources */ = {
			isa = PBXResourcesBuildPhase;
			buildActionMask = 2147483647;
			files = (
			);
			runOnlyForDeploymentPostprocessing = 0;
		};
		CDE356902125685900295BD5 /* Resources */ = {
			isa = PBXResourcesBuildPhase;
			buildActionMask = 2147483647;
			files = (
			);
			runOnlyForDeploymentPostprocessing = 0;
		};
/* End PBXResourcesBuildPhase section */

/* Begin PBXSourcesBuildPhase section */
		CDE3566C2125685700295BD5 /* Sources */ = {
			isa = PBXSourcesBuildPhase;
			buildActionMask = 2147483647;
			files = (
				CDE356C72125E3BC00295BD5 /* TaskSectionHeaderView.swift in Sources */,
				CDE356EF21283F5F00295BD5 /* TouchGestureRecognizer.swift in Sources */,
				CDE356BA2125DEEB00295BD5 /* Configurable.swift in Sources */,
				CDE356F121283F8500295BD5 /* TouchHandlerGestureRecognizer.swift in Sources */,
				CDE356CD2125EAFC00295BD5 /* UIView+Extensions.swift in Sources */,
				CDE356F321283FA100295BD5 /* PressStateAnimatable.swift in Sources */,
				CDE356DD212727AE00295BD5 /* InfoTaskCollectionReusableView.swift in Sources */,
				CDE3567C2125685700295BD5 /* Awly.xcdatamodeld in Sources */,
				CDE356C22125E1D900295BD5 /* SettingsViewController.swift in Sources */,
				CDE356E721272C9E00295BD5 /* InfoTaskDisplayItem.swift in Sources */,
				CDE356E9212731CB00295BD5 /* Style.swift in Sources */,
				CDE356EB2127350100295BD5 /* Collection+Extensions.swift in Sources */,
				CDE356B12125840800295BD5 /* TaskCollectionViewCell.swift in Sources */,
				CDE356742125685700295BD5 /* AppDelegate.swift in Sources */,
				CDE356E2212728D100295BD5 /* InfoTaskCollectionViewCell.swift in Sources */,
				CDE356D22125EC7F00295BD5 /* CheckboxButton.swift in Sources */,
				CDE356A721256F5A00295BD5 /* MainViewController.swift in Sources */,
				CDE356DA2126F63000295BD5 /* TaskViewerViewController.swift in Sources */,
				CDE356BD2125E16400295BD5 /* TaskCollectionLayout.swift in Sources */,
				CDE356B82125DC1C00295BD5 /* Reusable.swift in Sources */,
			);
			runOnlyForDeploymentPostprocessing = 0;
		};
		CDE356832125685800295BD5 /* Sources */ = {
			isa = PBXSourcesBuildPhase;
			buildActionMask = 2147483647;
			files = (
				CDE3568C2125685900295BD5 /* AwlyTests.swift in Sources */,
			);
			runOnlyForDeploymentPostprocessing = 0;
		};
		CDE3568E2125685900295BD5 /* Sources */ = {
			isa = PBXSourcesBuildPhase;
			buildActionMask = 2147483647;
			files = (
				CDE356972125685900295BD5 /* AwlyUITests.swift in Sources */,
			);
			runOnlyForDeploymentPostprocessing = 0;
		};
/* End PBXSourcesBuildPhase section */

/* Begin PBXTargetDependency section */
		CDE356892125685800295BD5 /* PBXTargetDependency */ = {
			isa = PBXTargetDependency;
			target = CDE3566F2125685700295BD5 /* Awly */;
			targetProxy = CDE356882125685800295BD5 /* PBXContainerItemProxy */;
		};
		CDE356942125685900295BD5 /* PBXTargetDependency */ = {
			isa = PBXTargetDependency;
			target = CDE3566F2125685700295BD5 /* Awly */;
			targetProxy = CDE356932125685900295BD5 /* PBXContainerItemProxy */;
		};
/* End PBXTargetDependency section */

/* Begin PBXVariantGroup section */
		CDE356772125685700295BD5 /* Main.storyboard */ = {
			isa = PBXVariantGroup;
			children = (
				CDE356782125685700295BD5 /* Base */,
			);
			name = Main.storyboard;
			sourceTree = "<group>";
		};
		CDE3567F2125685800295BD5 /* LaunchScreen.storyboard */ = {
			isa = PBXVariantGroup;
			children = (
				CDE356802125685800295BD5 /* Base */,
			);
			name = LaunchScreen.storyboard;
			sourceTree = "<group>";
		};
/* End PBXVariantGroup section */

/* Begin XCBuildConfiguration section */
		CDE356992125685900295BD5 /* Debug */ = {
			isa = XCBuildConfiguration;
			buildSettings = {
				ALWAYS_SEARCH_USER_PATHS = NO;
				CLANG_ANALYZER_NONNULL = YES;
				CLANG_ANALYZER_NUMBER_OBJECT_CONVERSION = YES_AGGRESSIVE;
				CLANG_CXX_LANGUAGE_STANDARD = "gnu++14";
				CLANG_CXX_LIBRARY = "libc++";
				CLANG_ENABLE_MODULES = YES;
				CLANG_ENABLE_OBJC_ARC = YES;
				CLANG_ENABLE_OBJC_WEAK = YES;
				CLANG_WARN_BLOCK_CAPTURE_AUTORELEASING = YES;
				CLANG_WARN_BOOL_CONVERSION = YES;
				CLANG_WARN_COMMA = YES;
				CLANG_WARN_CONSTANT_CONVERSION = YES;
				CLANG_WARN_DEPRECATED_OBJC_IMPLEMENTATIONS = YES;
				CLANG_WARN_DIRECT_OBJC_ISA_USAGE = YES_ERROR;
				CLANG_WARN_DOCUMENTATION_COMMENTS = YES;
				CLANG_WARN_EMPTY_BODY = YES;
				CLANG_WARN_ENUM_CONVERSION = YES;
				CLANG_WARN_INFINITE_RECURSION = YES;
				CLANG_WARN_INT_CONVERSION = YES;
				CLANG_WARN_NON_LITERAL_NULL_CONVERSION = YES;
				CLANG_WARN_OBJC_IMPLICIT_RETAIN_SELF = YES;
				CLANG_WARN_OBJC_LITERAL_CONVERSION = YES;
				CLANG_WARN_OBJC_ROOT_CLASS = YES_ERROR;
				CLANG_WARN_RANGE_LOOP_ANALYSIS = YES;
				CLANG_WARN_STRICT_PROTOTYPES = YES;
				CLANG_WARN_SUSPICIOUS_MOVE = YES;
				CLANG_WARN_UNGUARDED_AVAILABILITY = YES_AGGRESSIVE;
				CLANG_WARN_UNREACHABLE_CODE = YES;
				CLANG_WARN__DUPLICATE_METHOD_MATCH = YES;
				CODE_SIGN_IDENTITY = "iPhone Developer";
				COPY_PHASE_STRIP = NO;
				DEBUG_INFORMATION_FORMAT = dwarf;
				ENABLE_STRICT_OBJC_MSGSEND = YES;
				ENABLE_TESTABILITY = YES;
				GCC_C_LANGUAGE_STANDARD = gnu11;
				GCC_DYNAMIC_NO_PIC = NO;
				GCC_NO_COMMON_BLOCKS = YES;
				GCC_OPTIMIZATION_LEVEL = 0;
				GCC_PREPROCESSOR_DEFINITIONS = (
					"DEBUG=1",
					"$(inherited)",
				);
				GCC_WARN_64_TO_32_BIT_CONVERSION = YES;
				GCC_WARN_ABOUT_RETURN_TYPE = YES_ERROR;
				GCC_WARN_UNDECLARED_SELECTOR = YES;
				GCC_WARN_UNINITIALIZED_AUTOS = YES_AGGRESSIVE;
				GCC_WARN_UNUSED_FUNCTION = YES;
				GCC_WARN_UNUSED_VARIABLE = YES;
				IPHONEOS_DEPLOYMENT_TARGET = 11.0;
				MTL_ENABLE_DEBUG_INFO = YES;
				ONLY_ACTIVE_ARCH = YES;
				SDKROOT = iphoneos;
				SWIFT_ACTIVE_COMPILATION_CONDITIONS = DEBUG;
				SWIFT_OPTIMIZATION_LEVEL = "-Onone";
			};
			name = Debug;
		};
		CDE3569A2125685900295BD5 /* Release */ = {
			isa = XCBuildConfiguration;
			buildSettings = {
				ALWAYS_SEARCH_USER_PATHS = NO;
				CLANG_ANALYZER_NONNULL = YES;
				CLANG_ANALYZER_NUMBER_OBJECT_CONVERSION = YES_AGGRESSIVE;
				CLANG_CXX_LANGUAGE_STANDARD = "gnu++14";
				CLANG_CXX_LIBRARY = "libc++";
				CLANG_ENABLE_MODULES = YES;
				CLANG_ENABLE_OBJC_ARC = YES;
				CLANG_ENABLE_OBJC_WEAK = YES;
				CLANG_WARN_BLOCK_CAPTURE_AUTORELEASING = YES;
				CLANG_WARN_BOOL_CONVERSION = YES;
				CLANG_WARN_COMMA = YES;
				CLANG_WARN_CONSTANT_CONVERSION = YES;
				CLANG_WARN_DEPRECATED_OBJC_IMPLEMENTATIONS = YES;
				CLANG_WARN_DIRECT_OBJC_ISA_USAGE = YES_ERROR;
				CLANG_WARN_DOCUMENTATION_COMMENTS = YES;
				CLANG_WARN_EMPTY_BODY = YES;
				CLANG_WARN_ENUM_CONVERSION = YES;
				CLANG_WARN_INFINITE_RECURSION = YES;
				CLANG_WARN_INT_CONVERSION = YES;
				CLANG_WARN_NON_LITERAL_NULL_CONVERSION = YES;
				CLANG_WARN_OBJC_IMPLICIT_RETAIN_SELF = YES;
				CLANG_WARN_OBJC_LITERAL_CONVERSION = YES;
				CLANG_WARN_OBJC_ROOT_CLASS = YES_ERROR;
				CLANG_WARN_RANGE_LOOP_ANALYSIS = YES;
				CLANG_WARN_STRICT_PROTOTYPES = YES;
				CLANG_WARN_SUSPICIOUS_MOVE = YES;
				CLANG_WARN_UNGUARDED_AVAILABILITY = YES_AGGRESSIVE;
				CLANG_WARN_UNREACHABLE_CODE = YES;
				CLANG_WARN__DUPLICATE_METHOD_MATCH = YES;
				CODE_SIGN_IDENTITY = "iPhone Developer";
				COPY_PHASE_STRIP = NO;
				DEBUG_INFORMATION_FORMAT = "dwarf-with-dsym";
				ENABLE_NS_ASSERTIONS = NO;
				ENABLE_STRICT_OBJC_MSGSEND = YES;
				GCC_C_LANGUAGE_STANDARD = gnu11;
				GCC_NO_COMMON_BLOCKS = YES;
				GCC_WARN_64_TO_32_BIT_CONVERSION = YES;
				GCC_WARN_ABOUT_RETURN_TYPE = YES_ERROR;
				GCC_WARN_UNDECLARED_SELECTOR = YES;
				GCC_WARN_UNINITIALIZED_AUTOS = YES_AGGRESSIVE;
				GCC_WARN_UNUSED_FUNCTION = YES;
				GCC_WARN_UNUSED_VARIABLE = YES;
				IPHONEOS_DEPLOYMENT_TARGET = 11.0;
				MTL_ENABLE_DEBUG_INFO = NO;
				SDKROOT = iphoneos;
				SWIFT_COMPILATION_MODE = wholemodule;
				SWIFT_OPTIMIZATION_LEVEL = "-O";
				VALIDATE_PRODUCT = YES;
			};
			name = Release;
		};
		CDE3569C2125685900295BD5 /* Debug */ = {
			isa = XCBuildConfiguration;
			buildSettings = {
				ASSETCATALOG_COMPILER_APPICON_NAME = AppIcon;
				CODE_SIGN_STYLE = Manual;
				DEVELOPMENT_TEAM = 8PYCRS3EA3;
				INFOPLIST_FILE = Awly/Info.plist;
				IPHONEOS_DEPLOYMENT_TARGET = 11.0;
				LD_RUNPATH_SEARCH_PATHS = (
					"$(inherited)",
					"@executable_path/Frameworks",
				);
				PRODUCT_BUNDLE_IDENTIFIER = app.awly.AwlyMobile;
				PRODUCT_NAME = "$(TARGET_NAME)";
				PROVISIONING_PROFILE = "3e620a38-7bd0-4ba5-9944-59dce341ee37";
				PROVISIONING_PROFILE_SPECIFIER = "Awly Development";
				SWIFT_VERSION = 4.0;
				TARGETED_DEVICE_FAMILY = "1,2";
			};
			name = Debug;
		};
		CDE3569D2125685900295BD5 /* Release */ = {
			isa = XCBuildConfiguration;
			buildSettings = {
				ASSETCATALOG_COMPILER_APPICON_NAME = AppIcon;
				CODE_SIGN_IDENTITY = "iPhone Distribution";
				CODE_SIGN_STYLE = Manual;
				DEVELOPMENT_TEAM = 8PYCRS3EA3;
				INFOPLIST_FILE = Awly/Info.plist;
				IPHONEOS_DEPLOYMENT_TARGET = 11.0;
				LD_RUNPATH_SEARCH_PATHS = (
					"$(inherited)",
					"@executable_path/Frameworks",
				);
				PRODUCT_BUNDLE_IDENTIFIER = app.awly.AwlyMobile;
				PRODUCT_NAME = "$(TARGET_NAME)";
				PROVISIONING_PROFILE = "9aa42453-81d3-454b-9ae4-ee09f6b35af3";
				PROVISIONING_PROFILE_SPECIFIER = "Awly Distribution";
				SWIFT_VERSION = 4.0;
				TARGETED_DEVICE_FAMILY = "1,2";
			};
			name = Release;
		};
		CDE3569F2125685900295BD5 /* Debug */ = {
			isa = XCBuildConfiguration;
			buildSettings = {
				ALWAYS_EMBED_SWIFT_STANDARD_LIBRARIES = YES;
				BUNDLE_LOADER = "$(TEST_HOST)";
				CODE_SIGN_STYLE = Automatic;
				DEVELOPMENT_TEAM = 8PYCRS3EA3;
				INFOPLIST_FILE = AwlyTests/Info.plist;
				LD_RUNPATH_SEARCH_PATHS = (
					"$(inherited)",
					"@executable_path/Frameworks",
					"@loader_path/Frameworks",
				);
				PRODUCT_BUNDLE_IDENTIFIER = ru.v.a.prusakov.AwlyTests;
				PRODUCT_NAME = "$(TARGET_NAME)";
				SWIFT_VERSION = 4.0;
				TARGETED_DEVICE_FAMILY = "1,2";
				TEST_HOST = "$(BUILT_PRODUCTS_DIR)/Awly.app/Awly";
			};
			name = Debug;
		};
		CDE356A02125685900295BD5 /* Release */ = {
			isa = XCBuildConfiguration;
			buildSettings = {
				ALWAYS_EMBED_SWIFT_STANDARD_LIBRARIES = YES;
				BUNDLE_LOADER = "$(TEST_HOST)";
				CODE_SIGN_STYLE = Automatic;
				DEVELOPMENT_TEAM = 8PYCRS3EA3;
				INFOPLIST_FILE = AwlyTests/Info.plist;
				LD_RUNPATH_SEARCH_PATHS = (
					"$(inherited)",
					"@executable_path/Frameworks",
					"@loader_path/Frameworks",
				);
				PRODUCT_BUNDLE_IDENTIFIER = ru.v.a.prusakov.AwlyTests;
				PRODUCT_NAME = "$(TARGET_NAME)";
				SWIFT_VERSION = 4.0;
				TARGETED_DEVICE_FAMILY = "1,2";
				TEST_HOST = "$(BUILT_PRODUCTS_DIR)/Awly.app/Awly";
			};
			name = Release;
		};
		CDE356A22125685900295BD5 /* Debug */ = {
			isa = XCBuildConfiguration;
			buildSettings = {
				ALWAYS_EMBED_SWIFT_STANDARD_LIBRARIES = YES;
				CODE_SIGN_STYLE = Automatic;
				DEVELOPMENT_TEAM = 8PYCRS3EA3;
				INFOPLIST_FILE = AwlyUITests/Info.plist;
				LD_RUNPATH_SEARCH_PATHS = (
					"$(inherited)",
					"@executable_path/Frameworks",
					"@loader_path/Frameworks",
				);
				PRODUCT_BUNDLE_IDENTIFIER = ru.v.a.prusakov.AwlyUITests;
				PRODUCT_NAME = "$(TARGET_NAME)";
				SWIFT_VERSION = 4.0;
				TARGETED_DEVICE_FAMILY = "1,2";
				TEST_TARGET_NAME = Awly;
			};
			name = Debug;
		};
		CDE356A32125685900295BD5 /* Release */ = {
			isa = XCBuildConfiguration;
			buildSettings = {
				ALWAYS_EMBED_SWIFT_STANDARD_LIBRARIES = YES;
				CODE_SIGN_STYLE = Automatic;
				DEVELOPMENT_TEAM = 8PYCRS3EA3;
				INFOPLIST_FILE = AwlyUITests/Info.plist;
				LD_RUNPATH_SEARCH_PATHS = (
					"$(inherited)",
					"@executable_path/Frameworks",
					"@loader_path/Frameworks",
				);
				PRODUCT_BUNDLE_IDENTIFIER = ru.v.a.prusakov.AwlyUITests;
				PRODUCT_NAME = "$(TARGET_NAME)";
				SWIFT_VERSION = 4.0;
				TARGETED_DEVICE_FAMILY = "1,2";
				TEST_TARGET_NAME = Awly;
			};
			name = Release;
		};
/* End XCBuildConfiguration section */

/* Begin XCConfigurationList section */
		CDE3566B2125685600295BD5 /* Build configuration list for PBXProject "Awly" */ = {
			isa = XCConfigurationList;
			buildConfigurations = (
				CDE356992125685900295BD5 /* Debug */,
				CDE3569A2125685900295BD5 /* Release */,
			);
			defaultConfigurationIsVisible = 0;
			defaultConfigurationName = Release;
		};
		CDE3569B2125685900295BD5 /* Build configuration list for PBXNativeTarget "Awly" */ = {
			isa = XCConfigurationList;
			buildConfigurations = (
				CDE3569C2125685900295BD5 /* Debug */,
				CDE3569D2125685900295BD5 /* Release */,
			);
			defaultConfigurationIsVisible = 0;
			defaultConfigurationName = Release;
		};
		CDE3569E2125685900295BD5 /* Build configuration list for PBXNativeTarget "AwlyTests" */ = {
			isa = XCConfigurationList;
			buildConfigurations = (
				CDE3569F2125685900295BD5 /* Debug */,
				CDE356A02125685900295BD5 /* Release */,
			);
			defaultConfigurationIsVisible = 0;
			defaultConfigurationName = Release;
		};
		CDE356A12125685900295BD5 /* Build configuration list for PBXNativeTarget "AwlyUITests" */ = {
			isa = XCConfigurationList;
			buildConfigurations = (
				CDE356A22125685900295BD5 /* Debug */,
				CDE356A32125685900295BD5 /* Release */,
			);
			defaultConfigurationIsVisible = 0;
			defaultConfigurationName = Release;
		};
/* End XCConfigurationList section */

/* Begin XCVersionGroup section */
		CDE3567A2125685700295BD5 /* Awly.xcdatamodeld */ = {
			isa = XCVersionGroup;
			children = (
				CDE3567B2125685700295BD5 /* Awly.xcdatamodel */,
			);
			currentVersion = CDE3567B2125685700295BD5 /* Awly.xcdatamodel */;
			path = Awly.xcdatamodeld;
			sourceTree = "<group>";
			versionGroupType = wrapper.xcdatamodel;
		};
/* End XCVersionGroup section */
	};
	rootObject = CDE356682125685600295BD5 /* Project object */;
}
